
Microsoft Visual Studio Solution File, Format Version 12.00
# Visual Studio 15
VisualStudioVersion = 15.0.27703.2018
MinimumVisualStudioVersion = 10.0.40219.1
Project("{8BC9CEB8-8B4A-11D0-8D11-00A0C91BC942}") = "BezierSurfaceTrack", "BezierSurfaceTrack\BezierSurfaceTrack.vcxproj", "{27D55705-0C1F-46DC-9BA1-E8F373EB33AB}"
	ProjectSection(ProjectDependencies) = postProject
		{FBC421FD-8B7E-4172-9F02-8F7233F16A0E} = {FBC421FD-8B7E-4172-9F02-8F7233F16A0E}
	EndProjectSection
EndProject
Project("{8BC9CEB8-8B4A-11D0-8D11-00A0C91BC942}") = "ZGL", "ZGL\ZGL.vcxproj", "{FBC421FD-8B7E-4172-9F02-8F7233F16A0E}"
EndProject
Global
	GlobalSection(SolutionConfigurationPlatforms) = preSolution
		Debug|x64 = Debug|x64
		Debug|x86 = Debug|x86
		Release|x64 = Release|x64
		Release|x86 = Release|x86
	EndGlobalSection
	GlobalSection(ProjectConfigurationPlatforms) = postSolution
		{27D55705-0C1F-46DC-9BA1-E8F373EB33AB}.Debug|x64.ActiveCfg = Debug|x64
		{27D55705-0C1F-46DC-9BA1-E8F373EB33AB}.Debug|x64.Build.0 = Debug|x64
		{27D55705-0C1F-46DC-9BA1-E8F373EB33AB}.Debug|x86.ActiveCfg = Debug|Win32
		{27D55705-0C1F-46DC-9BA1-E8F373EB33AB}.Debug|x86.Build.0 = Debug|Win32
		{27D55705-0C1F-46DC-9BA1-E8F373EB33AB}.Release|x64.ActiveCfg = Release|x64
		{27D55705-0C1F-46DC-9BA1-E8F373EB33AB}.Release|x64.Build.0 = Release|x64
		{27D55705-0C1F-46DC-9BA1-E8F373EB33AB}.Release|x86.ActiveCfg = Release|Win32
		{27D55705-0C1F-46DC-9BA1-E8F373EB33AB}.Release|x86.Build.0 = Release|Win32
		{FBC421FD-8B7E-4172-9F02-8F7233F16A0E}.Debug|x64.ActiveCfg = Debug|x64
		{FBC421FD-8B7E-4172-9F02-8F7233F16A0E}.Debug|x64.Build.0 = Debug|x64
		{FBC421FD-8B7E-4172-9F02-8F7233F16A0E}.Debug|x86.ActiveCfg = Debug|Win32
		{FBC421FD-8B7E-4172-9F02-8F7233F16A0E}.Debug|x86.Build.0 = Debug|Win32
		{FBC421FD-8B7E-4172-9F02-8F7233F16A0E}.Release|x64.ActiveCfg = Release|x64
		{FBC421FD-8B7E-4172-9F02-8F7233F16A0E}.Release|x64.Build.0 = Release|x64
		{FBC421FD-8B7E-4172-9F02-8F7233F16A0E}.Release|x86.ActiveCfg = Release|Win32
		{FBC421FD-8B7E-4172-9F02-8F7233F16A0E}.Release|x86.Build.0 = Release|Win32
	EndGlobalSection
	GlobalSection(SolutionProperties) = preSolution
		HideSolutionNode = FALSE
	EndGlobalSection
	GlobalSection(ExtensibilityGlobals) = postSolution
		SolutionGuid = {8F5DA3CE-EEEE-4BD8-BC9B-7867C14C8616}
	EndGlobalSection
EndGlobal
